
Microsoft Visual Studio Solution File, Format Version 12.00
# Visual Studio Version 17
VisualStudioVersion = 17.0.31903.59
MinimumVisualStudioVersion = 10.0.40219.1
Project("{2150E333-8FDC-42A3-9474-1A3956D46DE8}") = "src", "src", "{827E0CD3-B72D-47B6-A68D-7590B98EB39B}"
EndProject
Project("{FAE04EC0-301F-11D3-BF4B-00C04F79EFBC}") = "Setae.Core", "src\Setae.Core\Setae.Core.csproj", "{A30F2023-372A-4C09-B910-3C68C0D031A1}"
EndProject
Project("{FAE04EC0-301F-11D3-BF4B-00C04F79EFBC}") = "Setae.App", "src\Setae.App\Setae.App.csproj", "{D978058C-22C1-4002-A71D-4FADE0E8257F}"
EndProject
Project("{2150E333-8FDC-42A3-9474-1A3956D46DE8}") = "tests", "tests", "{0AB3BF05-4346-4AA6-1389-037BE0695223}"
EndProject
Project("{FAE04EC0-301F-11D3-BF4B-00C04F79EFBC}") = "Setae.Core.Tests", "tests\Setae.Core.Tests\Setae.Core.Tests.csproj", "{258FA602-D8A2-44E1-9CE5-92B91D85641C}"
EndProject
Project("{FAE04EC0-301F-11D3-BF4B-00C04F79EFBC}") = "Setae.App.Tests", "tests\Setae.App.Tests\Setae.App.Tests.csproj", "{D12FF123-B841-4A95-99CA-B7CAE8F6C4CE}"
EndProject
Global
	GlobalSection(SolutionConfigurationPlatforms) = preSolution
		Debug|Any CPU = Debug|Any CPU
		Debug|x64 = Debug|x64
		Debug|x86 = Debug|x86
		Release|Any CPU = Release|Any CPU
		Release|x64 = Release|x64
		Release|x86 = Release|x86
	EndGlobalSection
	GlobalSection(ProjectConfigurationPlatforms) = postSolution
		{A30F2023-372A-4C09-B910-3C68C0D031A1}.Debug|Any CPU.ActiveCfg = Debug|Any CPU
		{A30F2023-372A-4C09-B910-3C68C0D031A1}.Debug|Any CPU.Build.0 = Debug|Any CPU
		{A30F2023-372A-4C09-B910-3C68C0D031A1}.Debug|x64.ActiveCfg = Debug|Any CPU
		{A30F2023-372A-4C09-B910-3C68C0D031A1}.Debug|x64.Build.0 = Debug|Any CPU
		{A30F2023-372A-4C09-B910-3C68C0D031A1}.Debug|x86.ActiveCfg = Debug|Any CPU
		{A30F2023-372A-4C09-B910-3C68C0D031A1}.Debug|x86.Build.0 = Debug|Any CPU
		{A30F2023-372A-4C09-B910-3C68C0D031A1}.Release|Any CPU.ActiveCfg = Release|Any CPU
		{A30F2023-372A-4C09-B910-3C68C0D031A1}.Release|Any CPU.Build.0 = Release|Any CPU
		{A30F2023-372A-4C09-B910-3C68C0D031A1}.Release|x64.ActiveCfg = Release|Any CPU
		{A30F2023-372A-4C09-B910-3C68C0D031A1}.Release|x64.Build.0 = Release|Any CPU
		{A30F2023-372A-4C09-B910-3C68C0D031A1}.Release|x86.ActiveCfg = Release|Any CPU
		{A30F2023-372A-4C09-B910-3C68C0D031A1}.Release|x86.Build.0 = Release|Any CPU
		{D978058C-22C1-4002-A71D-4FADE0E8257F}.Debug|Any CPU.ActiveCfg = Debug|Any CPU
		{D978058C-22C1-4002-A71D-4FADE0E8257F}.Debug|Any CPU.Build.0 = Debug|Any CPU
		{D978058C-22C1-4002-A71D-4FADE0E8257F}.Debug|x64.ActiveCfg = Debug|Any CPU
		{D978058C-22C1-4002-A71D-4FADE0E8257F}.Debug|x64.Build.0 = Debug|Any CPU
		{D978058C-22C1-4002-A71D-4FADE0E8257F}.Debug|x86.ActiveCfg = Debug|Any CPU
		{D978058C-22C1-4002-A71D-4FADE0E8257F}.Debug|x86.Build.0 = Debug|Any CPU
		{D978058C-22C1-4002-A71D-4FADE0E8257F}.Release|Any CPU.ActiveCfg = Release|Any CPU
		{D978058C-22C1-4002-A71D-4FADE0E8257F}.Release|Any CPU.Build.0 = Release|Any CPU
		{D978058C-22C1-4002-A71D-4FADE0E8257F}.Release|x64.ActiveCfg = Release|Any CPU
		{D978058C-22C1-4002-A71D-4FADE0E8257F}.Release|x64.Build.0 = Release|Any CPU
		{D978058C-22C1-4002-A71D-4FADE0E8257F}.Release|x86.ActiveCfg = Release|Any CPU
		{D978058C-22C1-4002-A71D-4FADE0E8257F}.Release|x86.Build.0 = Release|Any CPU
		{258FA602-D8A2-44E1-9CE5-92B91D85641C}.Debug|Any CPU.ActiveCfg = Debug|Any CPU
		{258FA602-D8A2-44E1-9CE5-92B91D85641C}.Debug|Any CPU.Build.0 = Debug|Any CPU
		{258FA602-D8A2-44E1-9CE5-92B91D85641C}.Debug|x64.ActiveCfg = Debug|Any CPU
		{258FA602-D8A2-44E1-9CE5-92B91D85641C}.Debug|x64.Build.0 = Debug|Any CPU
		{258FA602-D8A2-44E1-9CE5-92B91D85641C}.Debug|x86.ActiveCfg = Debug|Any CPU
		{258FA602-D8A2-44E1-9CE5-92B91D85641C}.Debug|x86.Build.0 = Debug|Any CPU
		{258FA602-D8A2-44E1-9CE5-92B91D85641C}.Release|Any CPU.ActiveCfg = Release|Any CPU
		{258FA602-D8A2-44E1-9CE5-92B91D85641C}.Release|Any CPU.Build.0 = Release|Any CPU
		{258FA602-D8A2-44E1-9CE5-92B91D85641C}.Release|x64.ActiveCfg = Release|Any CPU
		{258FA602-D8A2-44E1-9CE5-92B91D85641C}.Release|x64.Build.0 = Release|Any CPU
		{258FA602-D8A2-44E1-9CE5-92B91D85641C}.Release|x86.ActiveCfg = Release|Any CPU
		{258FA602-D8A2-44E1-9CE5-92B91D85641C}.Release|x86.Build.0 = Release|Any CPU
		{D12FF123-B841-4A95-99CA-B7CAE8F6C4CE}.Debug|Any CPU.ActiveCfg = Debug|Any CPU
		{D12FF123-B841-4A95-99CA-B7CAE8F6C4CE}.Debug|Any CPU.Build.0 = Debug|Any CPU
		{D12FF123-B841-4A95-99CA-B7CAE8F6C4CE}.Debug|x64.ActiveCfg = Debug|Any CPU
		{D12FF123-B841-4A95-99CA-B7CAE8F6C4CE}.Debug|x64.Build.0 = Debug|Any CPU
		{D12FF123-B841-4A95-99CA-B7CAE8F6C4CE}.Debug|x86.ActiveCfg = Debug|Any CPU
		{D12FF123-B841-4A95-99CA-B7CAE8F6C4CE}.Debug|x86.Build.0 = Debug|Any CPU
		{D12FF123-B841-4A95-99CA-B7CAE8F6C4CE}.Release|Any CPU.ActiveCfg = Release|Any CPU
		{D12FF123-B841-4A95-99CA-B7CAE8F6C4CE}.Release|Any CPU.Build.0 = Release|Any CPU
		{D12FF123-B841-4A95-99CA-B7CAE8F6C4CE}.Release|x64.ActiveCfg = Release|Any CPU
		{D12FF123-B841-4A95-99CA-B7CAE8F6C4CE}.Release|x64.Build.0 = Release|Any CPU
		{D12FF123-B841-4A95-99CA-B7CAE8F6C4CE}.Release|x86.ActiveCfg = Release|Any CPU
		{D12FF123-B841-4A95-99CA-B7CAE8F6C4CE}.Release|x86.Build.0 = Release|Any CPU
	EndGlobalSection
	GlobalSection(SolutionProperties) = preSolution
		HideSolutionNode = FALSE
	EndGlobalSection
	GlobalSection(NestedProjects) = preSolution
		{A30F2023-372A-4C09-B910-3C68C0D031A1} = {827E0CD3-B72D-47B6-A68D-7590B98EB39B}
		{D978058C-22C1-4002-A71D-4FADE0E8257F} = {827E0CD3-B72D-47B6-A68D-7590B98EB39B}
		{258FA602-D8A2-44E1-9CE5-92B91D85641C} = {0AB3BF05-4346-4AA6-1389-037BE0695223}
		{D12FF123-B841-4A95-99CA-B7CAE8F6C4CE} = {0AB3BF05-4346-4AA6-1389-037BE0695223}
	EndGlobalSection
EndGlobal
