
Microsoft Visual Studio Solution File, Format Version 12.00
# Visual Studio Version 17
VisualStudioVersion = 17.0.31903.59
MinimumVisualStudioVersion = 10.0.40219.1
Project("{FAE04EC0-301F-11D3-BF4B-00C04F79EFBC}") = "Setae.App", "src\Setae.App\Setae.App.csproj", "{D2BD6737-CEF0-4755-9E1C-D47D21465960}"
EndProject
Project("{FAE04EC0-301F-11D3-BF4B-00C04F79EFBC}") = "Setae.App.Tests", "tests\Setae.App.Tests\Setae.App.Tests.csproj", "{4EA631C5-0B80-4C5F-BFFA-85E394B05667}"
EndProject
Global
	GlobalSection(SolutionConfigurationPlatforms) = preSolution
		Debug|Any CPU = Debug|Any CPU
		Debug|x64 = Debug|x64
		Debug|x86 = Debug|x86
		Release|Any CPU = Release|Any CPU
		Release|x64 = Release|x64
		Release|x86 = Release|x86
	EndGlobalSection
	GlobalSection(ProjectConfigurationPlatforms) = postSolution
		{D2BD6737-CEF0-4755-9E1C-D47D21465960}.Debug|Any CPU.ActiveCfg = Debug|Any CPU
		{D2BD6737-CEF0-4755-9E1C-D47D21465960}.Debug|Any CPU.Build.0 = Debug|Any CPU
		{D2BD6737-CEF0-4755-9E1C-D47D21465960}.Debug|x64.ActiveCfg = Debug|Any CPU
		{D2BD6737-CEF0-4755-9E1C-D47D21465960}.Debug|x64.Build.0 = Debug|Any CPU
		{D2BD6737-CEF0-4755-9E1C-D47D21465960}.Debug|x86.ActiveCfg = Debug|Any CPU
		{D2BD6737-CEF0-4755-9E1C-D47D21465960}.Debug|x86.Build.0 = Debug|Any CPU
		{D2BD6737-CEF0-4755-9E1C-D47D21465960}.Release|Any CPU.ActiveCfg = Release|Any CPU
		{D2BD6737-CEF0-4755-9E1C-D47D21465960}.Release|Any CPU.Build.0 = Release|Any CPU
		{D2BD6737-CEF0-4755-9E1C-D47D21465960}.Release|x64.ActiveCfg = Release|Any CPU
		{D2BD6737-CEF0-4755-9E1C-D47D21465960}.Release|x64.Build.0 = Release|Any CPU
		{D2BD6737-CEF0-4755-9E1C-D47D21465960}.Release|x86.ActiveCfg = Release|Any CPU
		{D2BD6737-CEF0-4755-9E1C-D47D21465960}.Release|x86.Build.0 = Release|Any CPU
		{4EA631C5-0B80-4C5F-BFFA-85E394B05667}.Debug|Any CPU.ActiveCfg = Debug|Any CPU
		{4EA631C5-0B80-4C5F-BFFA-85E394B05667}.Debug|Any CPU.Build.0 = Debug|Any CPU
		{4EA631C5-0B80-4C5F-BFFA-85E394B05667}.Debug|x64.ActiveCfg = Debug|Any CPU
		{4EA631C5-0B80-4C5F-BFFA-85E394B05667}.Debug|x64.Build.0 = Debug|Any CPU
		{4EA631C5-0B80-4C5F-BFFA-85E394B05667}.Debug|x86.ActiveCfg = Debug|Any CPU
		{4EA631C5-0B80-4C5F-BFFA-85E394B05667}.Debug|x86.Build.0 = Debug|Any CPU
		{4EA631C5-0B80-4C5F-BFFA-85E394B05667}.Release|Any CPU.ActiveCfg = Release|Any CPU
		{4EA631C5-0B80-4C5F-BFFA-85E394B05667}.Release|Any CPU.Build.0 = Release|Any CPU
		{4EA631C5-0B80-4C5F-BFFA-85E394B05667}.Release|x64.ActiveCfg = Release|Any CPU
		{4EA631C5-0B80-4C5F-BFFA-85E394B05667}.Release|x64.Build.0 = Release|Any CPU
		{4EA631C5-0B80-4C5F-BFFA-85E394B05667}.Release|x86.ActiveCfg = Release|Any CPU
		{4EA631C5-0B80-4C5F-BFFA-85E394B05667}.Release|x86.Build.0 = Release|Any CPU
	EndGlobalSection
	GlobalSection(SolutionProperties) = preSolution
		HideSolutionNode = FALSE
	EndGlobalSection
EndGlobal
